
Microsoft Visual Studio Solution File, Format Version 12.00
# Visual Studio 15
VisualStudioVersion = 15.0.28010.2036
MinimumVisualStudioVersion = 10.0.40219.1
Project("{FAE04EC0-301F-11D3-BF4B-00C04F79EFBC}") = "Connect4", "Connect4\Connect4.csproj", "{E47E1D58-A6F7-4624-8E0B-F00FA04358C5}"
EndProject
Global
	GlobalSection(SolutionConfigurationPlatforms) = preSolution
		Debug|Any CPU = Debug|Any CPU
		Release|Any CPU = Release|Any CPU
	EndGlobalSection
	GlobalSection(ProjectConfigurationPlatforms) = postSolution
		{E47E1D58-A6F7-4624-8E0B-F00FA04358C5}.Debug|Any CPU.ActiveCfg = Debug|Any CPU
		{E47E1D58-A6F7-4624-8E0B-F00FA04358C5}.Debug|Any CPU.Build.0 = Debug|Any CPU
		{E47E1D58-A6F7-4624-8E0B-F00FA04358C5}.Release|Any CPU.ActiveCfg = Release|Any CPU
		{E47E1D58-A6F7-4624-8E0B-F00FA04358C5}.Release|Any CPU.Build.0 = Release|Any CPU
	EndGlobalSection
	GlobalSection(SolutionProperties) = preSolution
		HideSolutionNode = FALSE
	EndGlobalSection
	GlobalSection(ExtensibilityGlobals) = postSolution
		SolutionGuid = {4A500FB5-269C-49AF-998D-94C009510CBA}
	EndGlobalSection
EndGlobal
